
Microsoft Visual Studio Solution File, Format Version 12.00
#
VisualStudioVersion = 17.5.002.0
MinimumVisualStudioVersion = 
Project("{FAE04EC0-301F-11D3-BF4B-00C04F79EFBC}") = "1. Simple Socket_Server", "1. Simple Socket_Server\1. Simple Socket_Server.csproj", "{4EE22727-F326-4EC7-BBA6-14DA0AC58742}"
EndProject
Project("{FAE04EC0-301F-11D3-BF4B-00C04F79EFBC}") = "2. Simple Socket_Client", "2. Simple Socket_Client\2. Simple Socket_Client.csproj", "{51480584-768E-4E7E-A122-3A82A4CADD66}"
EndProject
Project("{FAE04EC0-301F-11D3-BF4B-00C04F79EFBC}") = "3. WPF Client", "3. WPF Client\3. WPF Client.csproj", "{7A74CD80-9B48-4284-BE27-C8767627E08E}"
EndProject
Project("{FAE04EC0-301F-11D3-BF4B-00C04F79EFBC}") = "4. TCP_Chat_Server", "4. TCP_Chat_Server\4. TCP_Chat_Server.csproj", "{277B74DD-8AE6-4238-BBB7-A17CBB68B704}"
EndProject
Project("{FAE04EC0-301F-11D3-BF4B-00C04F79EFBC}") = "5. TCP_Chat_Client", "5. TCP_Chat_Client\5. TCP_Chat_Client.csproj", "{400A5314-1139-4CC9-8C4F-A4982157A4FC}"
EndProject
Project("{FAE04EC0-301F-11D3-BF4B-00C04F79EFBC}") = "6. SMS", "6. SMS\6. SMS.csproj", "{F33CA19D-F5E6-4A33-AEB6-28D6ADAD15D1}"
EndProject
Global
	GlobalSection(SolutionConfigurationPlatforms) = preSolution
		Debug|Any CPU = Debug|Any CPU
		Release|Any CPU = Release|Any CPU
	EndGlobalSection
	GlobalSection(ProjectConfigurationPlatforms) = postSolution
		{4EE22727-F326-4EC7-BBA6-14DA0AC58742}.Debug|Any CPU.ActiveCfg = Debug|Any CPU
		{4EE22727-F326-4EC7-BBA6-14DA0AC58742}.Debug|Any CPU.Build.0 = Debug|Any CPU
		{4EE22727-F326-4EC7-BBA6-14DA0AC58742}.Release|Any CPU.ActiveCfg = Release|Any CPU
		{4EE22727-F326-4EC7-BBA6-14DA0AC58742}.Release|Any CPU.Build.0 = Release|Any CPU
		{51480584-768E-4E7E-A122-3A82A4CADD66}.Debug|Any CPU.ActiveCfg = Debug|Any CPU
		{51480584-768E-4E7E-A122-3A82A4CADD66}.Debug|Any CPU.Build.0 = Debug|Any CPU
		{51480584-768E-4E7E-A122-3A82A4CADD66}.Release|Any CPU.ActiveCfg = Release|Any CPU
		{51480584-768E-4E7E-A122-3A82A4CADD66}.Release|Any CPU.Build.0 = Release|Any CPU
		{7A74CD80-9B48-4284-BE27-C8767627E08E}.Debug|Any CPU.ActiveCfg = Debug|Any CPU
		{7A74CD80-9B48-4284-BE27-C8767627E08E}.Debug|Any CPU.Build.0 = Debug|Any CPU
		{7A74CD80-9B48-4284-BE27-C8767627E08E}.Release|Any CPU.ActiveCfg = Release|Any CPU
		{7A74CD80-9B48-4284-BE27-C8767627E08E}.Release|Any CPU.Build.0 = Release|Any CPU
		{277B74DD-8AE6-4238-BBB7-A17CBB68B704}.Debug|Any CPU.ActiveCfg = Debug|Any CPU
		{277B74DD-8AE6-4238-BBB7-A17CBB68B704}.Debug|Any CPU.Build.0 = Debug|Any CPU
		{277B74DD-8AE6-4238-BBB7-A17CBB68B704}.Release|Any CPU.ActiveCfg = Release|Any CPU
		{277B74DD-8AE6-4238-BBB7-A17CBB68B704}.Release|Any CPU.Build.0 = Release|Any CPU
		{400A5314-1139-4CC9-8C4F-A4982157A4FC}.Debug|Any CPU.ActiveCfg = Debug|Any CPU
		{400A5314-1139-4CC9-8C4F-A4982157A4FC}.Debug|Any CPU.Build.0 = Debug|Any CPU
		{400A5314-1139-4CC9-8C4F-A4982157A4FC}.Release|Any CPU.ActiveCfg = Release|Any CPU
		{400A5314-1139-4CC9-8C4F-A4982157A4FC}.Release|Any CPU.Build.0 = Release|Any CPU
		{F33CA19D-F5E6-4A33-AEB6-28D6ADAD15D1}.Debug|Any CPU.ActiveCfg = Debug|Any CPU
		{F33CA19D-F5E6-4A33-AEB6-28D6ADAD15D1}.Debug|Any CPU.Build.0 = Debug|Any CPU
		{F33CA19D-F5E6-4A33-AEB6-28D6ADAD15D1}.Release|Any CPU.ActiveCfg = Release|Any CPU
		{F33CA19D-F5E6-4A33-AEB6-28D6ADAD15D1}.Release|Any CPU.Build.0 = Release|Any CPU
	EndGlobalSection
	GlobalSection(SolutionProperties) = preSolution
		HideSolutionNode = FALSE
	EndGlobalSection
EndGlobal
